// !$*UTF8*$!
{
	archiveVersion = 1;
	classes = {
	};
	objectVersion = 50;
	objects = {

/* Begin PBXBuildFile section */
		339145AA237E40B000C34E31 /* AppDelegate.swift in Sources */ = {isa = PBXBuildFile; fileRef = 339145A9237E40B000C34E31 /* AppDelegate.swift */; };
		339145AC237E40B000C34E31 /* SceneDelegate.swift in Sources */ = {isa = PBXBuildFile; fileRef = 339145AB237E40B000C34E31 /* SceneDelegate.swift */; };
		339145AE237E40B000C34E31 /* ContentView.swift in Sources */ = {isa = PBXBuildFile; fileRef = 339145AD237E40B000C34E31 /* ContentView.swift */; };
		339145B0237E40B100C34E31 /* Assets.xcassets in Resources */ = {isa = PBXBuildFile; fileRef = 339145AF237E40B100C34E31 /* Assets.xcassets */; };
		339145B3237E40B100C34E31 /* Preview Assets.xcassets in Resources */ = {isa = PBXBuildFile; fileRef = 339145B2237E40B100C34E31 /* Preview Assets.xcassets */; };
		339145B6237E40B100C34E31 /* LaunchScreen.storyboard in Resources */ = {isa = PBXBuildFile; fileRef = 339145B4237E40B100C34E31 /* LaunchScreen.storyboard */; };
/* End PBXBuildFile section */

/* Begin PBXFileReference section */
		339145A6237E40B000C34E31 /* SwiftUI_Financial_Clone_design.app */ = {isa = PBXFileReference; explicitFileType = wrapper.application; includeInIndex = 0; path = SwiftUI_Financial_Clone_design.app; sourceTree = BUILT_PRODUCTS_DIR; };
		339145A9237E40B000C34E31 /* AppDelegate.swift */ = {isa = PBXFileReference; lastKnownFileType = sourcecode.swift; path = AppDelegate.swift; sourceTree = "<group>"; };
		339145AB237E40B000C34E31 /* SceneDelegate.swift */ = {isa = PBXFileReference; lastKnownFileType = sourcecode.swift; path = SceneDelegate.swift; sourceTree = "<group>"; };
		339145AD237E40B000C34E31 /* ContentView.swift */ = {isa = PBXFileReference; lastKnownFileType = sourcecode.swift; path = ContentView.swift; sourceTree = "<group>"; };
		339145AF237E40B100C34E31 /* Assets.xcassets */ = {isa = PBXFileReference; lastKnownFileType = folder.assetcatalog; path = Assets.xcassets; sourceTree = "<group>"; };
		339145B2237E40B100C34E31 /* Preview Assets.xcassets */ = {isa = PBXFileReference; lastKnownFileType = folder.assetcatalog; path = "Preview Assets.xcassets"; sourceTree = "<group>"; };
		339145B5237E40B100C34E31 /* Base */ = {isa = PBXFileReference; lastKnownFileType = file.storyboard; name = Base; path = Base.lproj/LaunchScreen.storyboard; sourceTree = "<group>"; };
		339145B7237E40B100C34E31 /* Info.plist */ = {isa = PBXFileReference; lastKnownFileType = text.plist.xml; path = Info.plist; sourceTree = "<group>"; };
/* End PBXFileReference section */

/* Begin PBXFrameworksBuildPhase section */
		339145A3237E40B000C34E31 /* Frameworks */ = {
			isa = PBXFrameworksBuildPhase;
			buildActionMask = 2147483647;
			files = (
			);
			runOnlyForDeploymentPostprocessing = 0;
		};
/* End PBXFrameworksBuildPhase section */

/* Begin PBXGroup section */
		3391459D237E40B000C34E31 = {
			isa = PBXGroup;
			children = (
				339145A8237E40B000C34E31 /* SwiftUI_Financial_Clone_design */,
				339145A7237E40B000C34E31 /* Products */,
			);
			sourceTree = "<group>";
		};
		339145A7237E40B000C34E31 /* Products */ = {
			isa = PBXGroup;
			children = (
				339145A6237E40B000C34E31 /* SwiftUI_Financial_Clone_design.app */,
			);
			name = Products;
			sourceTree = "<group>";
		};
		339145A8237E40B000C34E31 /* SwiftUI_Financial_Clone_design */ = {
			isa = PBXGroup;
			children = (
				339145A9237E40B000C34E31 /* AppDelegate.swift */,
				339145AB237E40B000C34E31 /* SceneDelegate.swift */,
				339145AD237E40B000C34E31 /* ContentView.swift */,
				339145AF237E40B100C34E31 /* Assets.xcassets */,
				339145B4237E40B100C34E31 /* LaunchScreen.storyboard */,
				339145B7237E40B100C34E31 /* Info.plist */,
				339145B1237E40B100C34E31 /* Preview Content */,
			);
			path = SwiftUI_Financial_Clone_design;
			sourceTree = "<group>";
		};
		339145B1237E40B100C34E31 /* Preview Content */ = {
			isa = PBXGroup;
			children = (
				339145B2237E40B100C34E31 /* Preview Assets.xcassets */,
			);
			path = "Preview Content";
			sourceTree = "<group>";
		};
/* End PBXGroup section */

/* Begin PBXNativeTarget section */
		339145A5237E40B000C34E31 /* SwiftUI_Financial_Clone_design */ = {
			isa = PBXNativeTarget;
			buildConfigurationList = 339145BA237E40B100C34E31 /* Build configuration list for PBXNativeTarget "SwiftUI_Financial_Clone_design" */;
			buildPhases = (
				339145A2237E40B000C34E31 /* Sources */,
				339145A3237E40B000C34E31 /* Frameworks */,
				339145A4237E40B000C34E31 /* Resources */,
			);
			buildRules = (
			);
			dependencies = (
			);
			name = SwiftUI_Financial_Clone_design;
			productName = SwiftUI_Financial_Clone_design;
			productReference = 339145A6237E40B000C34E31 /* SwiftUI_Financial_Clone_design.app */;
			productType = "com.apple.product-type.application";
		};
/* End PBXNativeTarget section */

/* Begin PBXProject section */
		3391459E237E40B000C34E31 /* Project object */ = {
			isa = PBXProject;
			attributes = {
				LastSwiftUpdateCheck = 1120;
				LastUpgradeCheck = 1120;
				ORGANIZATIONNAME = "양팀장(iMac)";
				TargetAttributes = {
					339145A5237E40B000C34E31 = {
						CreatedOnToolsVersion = 11.2;
					};
				};
			};
			buildConfigurationList = 339145A1237E40B000C34E31 /* Build configuration list for PBXProject "SwiftUI_Financial_Clone_design" */;
			compatibilityVersion = "Xcode 9.3";
			developmentRegion = en;
			hasScannedForEncodings = 0;
			knownRegions = (
				en,
				Base,
			);
			mainGroup = 3391459D237E40B000C34E31;
			productRefGroup = 339145A7237E40B000C34E31 /* Products */;
			projectDirPath = "";
			projectRoot = "";
			targets = (
				339145A5237E40B000C34E31 /* SwiftUI_Financial_Clone_design */,
			);
		};
/* End PBXProject section */

/* Begin PBXResourcesBuildPhase section */
		339145A4237E40B000C34E31 /* Resources */ = {
			isa = PBXResourcesBuildPhase;
			buildActionMask = 2147483647;
			files = (
				339145B6237E40B100C34E31 /* LaunchScreen.storyboard in Resources */,
				339145B3237E40B100C34E31 /* Preview Assets.xcassets in Resources */,
				339145B0237E40B100C34E31 /* Assets.xcassets in Resources */,
			);
			runOnlyForDeploymentPostprocessing = 0;
		};
/* End PBXResourcesBuildPhase section */

/* Begin PBXSourcesBuildPhase section */
		339145A2237E40B000C34E31 /* Sources */ = {
			isa = PBXSourcesBuildPhase;
			buildActionMask = 2147483647;
			files = (
				339145AA237E40B000C34E31 /* AppDelegate.swift in Sources */,
				339145AC237E40B000C34E31 /* SceneDelegate.swift in Sources */,
				339145AE237E40B000C34E31 /* ContentView.swift in Sources */,
			);
			runOnlyForDeploymentPostprocessing = 0;
		};
/* End PBXSourcesBuildPhase section */

/* Begin PBXVariantGroup section */
		339145B4237E40B100C34E31 /* LaunchScreen.storyboard */ = {
			isa = PBXVariantGroup;
			children = (
				339145B5237E40B100C34E31 /* Base */,
			);
			name = LaunchScreen.storyboard;
			sourceTree = "<group>";
		};
/* End PBXVariantGroup section */

/* Begin XCBuildConfiguration section */
		339145B8237E40B100C34E31 /* Debug */ = {
			isa = XCBuildConfiguration;
			buildSettings = {
				ALWAYS_SEARCH_USER_PATHS = NO;
				CLANG_ANALYZER_NONNULL = YES;
				CLANG_ANALYZER_NUMBER_OBJECT_CONVERSION = YES_AGGRESSIVE;
				CLANG_CXX_LANGUAGE_STANDARD = "gnu++14";
				CLANG_CXX_LIBRARY = "libc++";
				CLANG_ENABLE_MODULES = YES;
				CLANG_ENABLE_OBJC_ARC = YES;
				CLANG_ENABLE_OBJC_WEAK = YES;
				CLANG_WARN_BLOCK_CAPTURE_AUTORELEASING = YES;
				CLANG_WARN_BOOL_CONVERSION = YES;
				CLANG_WARN_COMMA = YES;
				CLANG_WARN_CONSTANT_CONVERSION = YES;
				CLANG_WARN_DEPRECATED_OBJC_IMPLEMENTATIONS = YES;
				CLANG_WARN_DIRECT_OBJC_ISA_USAGE = YES_ERROR;
				CLANG_WARN_DOCUMENTATION_COMMENTS = YES;
				CLANG_WARN_EMPTY_BODY = YES;
				CLANG_WARN_ENUM_CONVERSION = YES;
				CLANG_WARN_INFINITE_RECURSION = YES;
				CLANG_WARN_INT_CONVERSION = YES;
				CLANG_WARN_NON_LITERAL_NULL_CONVERSION = YES;
				CLANG_WARN_OBJC_IMPLICIT_RETAIN_SELF = YES;
				CLANG_WARN_OBJC_LITERAL_CONVERSION = YES;
				CLANG_WARN_OBJC_ROOT_CLASS = YES_ERROR;
				CLANG_WARN_RANGE_LOOP_ANALYSIS = YES;
				CLANG_WARN_STRICT_PROTOTYPES = YES;
				CLANG_WARN_SUSPICIOUS_MOVE = YES;
				CLANG_WARN_UNGUARDED_AVAILABILITY = YES_AGGRESSIVE;
				CLANG_WARN_UNREACHABLE_CODE = YES;
				CLANG_WARN__DUPLICATE_METHOD_MATCH = YES;
				COPY_PHASE_STRIP = NO;
				DEBUG_INFORMATION_FORMAT = dwarf;
				ENABLE_STRICT_OBJC_MSGSEND = YES;
				ENABLE_TESTABILITY = YES;
				GCC_C_LANGUAGE_STANDARD = gnu11;
				GCC_DYNAMIC_NO_PIC = NO;
				GCC_NO_COMMON_BLOCKS = YES;
				GCC_OPTIMIZATION_LEVEL = 0;
				GCC_PREPROCESSOR_DEFINITIONS = (
					"DEBUG=1",
					"$(inherited)",
				);
				GCC_WARN_64_TO_32_BIT_CONVERSION = YES;
				GCC_WARN_ABOUT_RETURN_TYPE = YES_ERROR;
				GCC_WARN_UNDECLARED_SELECTOR = YES;
				GCC_WARN_UNINITIALIZED_AUTOS = YES_AGGRESSIVE;
				GCC_WARN_UNUSED_FUNCTION = YES;
				GCC_WARN_UNUSED_VARIABLE = YES;
				IPHONEOS_DEPLOYMENT_TARGET = 13.2;
				MTL_ENABLE_DEBUG_INFO = INCLUDE_SOURCE;
				MTL_FAST_MATH = YES;
				ONLY_ACTIVE_ARCH = YES;
				SDKROOT = iphoneos;
				SWIFT_ACTIVE_COMPILATION_CONDITIONS = DEBUG;
				SWIFT_OPTIMIZATION_LEVEL = "-Onone";
			};
			name = Debug;
		};
		339145B9237E40B100C34E31 /* Release */ = {
			isa = XCBuildConfiguration;
			buildSettings = {
				ALWAYS_SEARCH_USER_PATHS = NO;
				CLANG_ANALYZER_NONNULL = YES;
				CLANG_ANALYZER_NUMBER_OBJECT_CONVERSION = YES_AGGRESSIVE;
				CLANG_CXX_LANGUAGE_STANDARD = "gnu++14";
				CLANG_CXX_LIBRARY = "libc++";
				CLANG_ENABLE_MODULES = YES;
				CLANG_ENABLE_OBJC_ARC = YES;
				CLANG_ENABLE_OBJC_WEAK = YES;
				CLANG_WARN_BLOCK_CAPTURE_AUTORELEASING = YES;
				CLANG_WARN_BOOL_CONVERSION = YES;
				CLANG_WARN_COMMA = YES;
				CLANG_WARN_CONSTANT_CONVERSION = YES;
				CLANG_WARN_DEPRECATED_OBJC_IMPLEMENTATIONS = YES;
				CLANG_WARN_DIRECT_OBJC_ISA_USAGE = YES_ERROR;
				CLANG_WARN_DOCUMENTATION_COMMENTS = YES;
				CLANG_WARN_EMPTY_BODY = YES;
				CLANG_WARN_ENUM_CONVERSION = YES;
				CLANG_WARN_INFINITE_RECURSION = YES;
				CLANG_WARN_INT_CONVERSION = YES;
				CLANG_WARN_NON_LITERAL_NULL_CONVERSION = YES;
				CLANG_WARN_OBJC_IMPLICIT_RETAIN_SELF = YES;
				CLANG_WARN_OBJC_LITERAL_CONVERSION = YES;
				CLANG_WARN_OBJC_ROOT_CLASS = YES_ERROR;
				CLANG_WARN_RANGE_LOOP_ANALYSIS = YES;
				CLANG_WARN_STRICT_PROTOTYPES = YES;
				CLANG_WARN_SUSPICIOUS_MOVE = YES;
				CLANG_WARN_UNGUARDED_AVAILABILITY = YES_AGGRESSIVE;
				CLANG_WARN_UNREACHABLE_CODE = YES;
				CLANG_WARN__DUPLICATE_METHOD_MATCH = YES;
				COPY_PHASE_STRIP = NO;
				DEBUG_INFORMATION_FORMAT = "dwarf-with-dsym";
				ENABLE_NS_ASSERTIONS = NO;
				ENABLE_STRICT_OBJC_MSGSEND = YES;
				GCC_C_LANGUAGE_STANDARD = gnu11;
				GCC_NO_COMMON_BLOCKS = YES;
				GCC_WARN_64_TO_32_BIT_CONVERSION = YES;
				GCC_WARN_ABOUT_RETURN_TYPE = YES_ERROR;
				GCC_WARN_UNDECLARED_SELECTOR = YES;
				GCC_WARN_UNINITIALIZED_AUTOS = YES_AGGRESSIVE;
				GCC_WARN_UNUSED_FUNCTION = YES;
				GCC_WARN_UNUSED_VARIABLE = YES;
				IPHONEOS_DEPLOYMENT_TARGET = 13.2;
				MTL_ENABLE_DEBUG_INFO = NO;
				MTL_FAST_MATH = YES;
				SDKROOT = iphoneos;
				SWIFT_COMPILATION_MODE = wholemodule;
				SWIFT_OPTIMIZATION_LEVEL = "-O";
				VALIDATE_PRODUCT = YES;
			};
			name = Release;
		};
		339145BB237E40B100C34E31 /* Debug */ = {
			isa = XCBuildConfiguration;
			buildSettings = {
				ASSETCATALOG_COMPILER_APPICON_NAME = AppIcon;
				CODE_SIGN_STYLE = Automatic;
				DEVELOPMENT_ASSET_PATHS = "\"SwiftUI_Financial_Clone_design/Preview Content\"";
				DEVELOPMENT_TEAM = 9RZ227D96G;
				ENABLE_PREVIEWS = YES;
				INFOPLIST_FILE = SwiftUI_Financial_Clone_design/Info.plist;
				LD_RUNPATH_SEARCH_PATHS = (
					"$(inherited)",
					"@executable_path/Frameworks",
				);
				PRODUCT_BUNDLE_IDENTIFIER = "com.bigmsg-SwiftUI-noDo.SwiftUI-Financial-Clone-design";
				PRODUCT_NAME = "$(TARGET_NAME)";
				SWIFT_VERSION = 5.0;
				TARGETED_DEVICE_FAMILY = "1,2";
			};
			name = Debug;
		};
		339145BC237E40B100C34E31 /* Release */ = {
			isa = XCBuildConfiguration;
			buildSettings = {
				ASSETCATALOG_COMPILER_APPICON_NAME = AppIcon;
				CODE_SIGN_STYLE = Automatic;
				DEVELOPMENT_ASSET_PATHS = "\"SwiftUI_Financial_Clone_design/Preview Content\"";
				DEVELOPMENT_TEAM = 9RZ227D96G;
				ENABLE_PREVIEWS = YES;
				INFOPLIST_FILE = SwiftUI_Financial_Clone_design/Info.plist;
				LD_RUNPATH_SEARCH_PATHS = (
					"$(inherited)",
					"@executable_path/Frameworks",
				);
				PRODUCT_BUNDLE_IDENTIFIER = "com.bigmsg-SwiftUI-noDo.SwiftUI-Financial-Clone-design";
				PRODUCT_NAME = "$(TARGET_NAME)";
				SWIFT_VERSION = 5.0;
				TARGETED_DEVICE_FAMILY = "1,2";
			};
			name = Release;
		};
/* End XCBuildConfiguration section */

/* Begin XCConfigurationList section */
		339145A1237E40B000C34E31 /* Build configuration list for PBXProject "SwiftUI_Financial_Clone_design" */ = {
			isa = XCConfigurationList;
			buildConfigurations = (
				339145B8237E40B100C34E31 /* Debug */,
				339145B9237E40B100C34E31 /* Release */,
			);
			defaultConfigurationIsVisible = 0;
			defaultConfigurationName = Release;
		};
		339145BA237E40B100C34E31 /* Build configuration list for PBXNativeTarget "SwiftUI_Financial_Clone_design" */ = {
			isa = XCConfigurationList;
			buildConfigurations = (
				339145BB237E40B100C34E31 /* Debug */,
				339145BC237E40B100C34E31 /* Release */,
			);
			defaultConfigurationIsVisible = 0;
			defaultConfigurationName = Release;
		};
/* End XCConfigurationList section */
	};
	rootObject = 3391459E237E40B000C34E31 /* Project object */;
}
